
Microsoft Visual Studio Solution File, Format Version 11.00
# Visual Studio 2010
Project("{FAE04EC0-301F-11D3-BF4B-00C04F79EFBC}") = "Lesson1 Calc", "Lesson1 Calc\Lesson1 Calc.csproj", "{A11A0AB3-028D-402B-BBFB-318A9F34FBA4}"
EndProject
Global
	GlobalSection(SolutionConfigurationPlatforms) = preSolution
		Debug|x86 = Debug|x86
		Release|x86 = Release|x86
	EndGlobalSection
	GlobalSection(ProjectConfigurationPlatforms) = postSolution
		{A11A0AB3-028D-402B-BBFB-318A9F34FBA4}.Debug|x86.ActiveCfg = Debug|x86
		{A11A0AB3-028D-402B-BBFB-318A9F34FBA4}.Debug|x86.Build.0 = Debug|x86
		{A11A0AB3-028D-402B-BBFB-318A9F34FBA4}.Release|x86.ActiveCfg = Release|x86
		{A11A0AB3-028D-402B-BBFB-318A9F34FBA4}.Release|x86.Build.0 = Release|x86
	EndGlobalSection
	GlobalSection(SolutionProperties) = preSolution
		HideSolutionNode = FALSE
	EndGlobalSection
EndGlobal
